PODS:
  - AEAssistant (0.0.18):
    - AFNetworking
    - GTMBase64 (= 1.0.0)
    - RegexKitLite
  - AFNetworking (3.1.0):
    - AFNetworking/NSURLSession (= 3.1.0)
    - AFNetworking/Reachability (= 3.1.0)
    - AFNetworking/Security (= 3.1.0)
    - AFNetworking/Serialization (= 3.1.0)
    - AFNetworking/UIKit (= 3.1.0)
  - AFNetworking/NSURLSession (3.1.0):
    - AFNetworking/Reachability
    - AFNetworking/Security
    - AFNetworking/Serialization
  - AFNetworking/Reachability (3.1.0)
  - AFNetworking/Security (3.1.0)
  - AFNetworking/Serialization (3.1.0)
  - AFNetworking/UIKit (3.1.0):
    - AFNetworking/NSURLSession
  - ALSUniversalAccount-ThirdParty (0.0.1):
    - ALSUniversalAccount-ThirdParty/Interface (= 0.0.1)
    - ALSUniversalAccount-ThirdParty/Plug (= 0.0.1)
    - ALSUniversalAccount-ThirdParty/Public (= 0.0.1)
  - ALSUniversalAccount-ThirdParty/Interface (0.0.1):
    - AEAssistant
    - AFNetworking (= 3.1.0)
    - ALSUniversalAccount-ThirdParty/Public
    - MBProgressHUD (~> 0.9.0)
    - MJExtension (~> 3.0.13)
    - SFHFKeychainUtils (~> 0.0.1)
    - TTTAttributedLabel (~> 2.0.0)
  - ALSUniversalAccount-ThirdParty/Plug (0.0.1):
    - ALSUniversalAccount-ThirdParty/Public
  - ALSUniversalAccount-ThirdParty/Public (0.0.1)
  - GTMBase64 (1.0.0)
  - MBProgressHUD (0.9.2)
  - MJExtension (3.0.13)
  - RegexKitLite (4.0)
  - SFHFKeychainUtils (0.0.1)
  - TTTAttributedLabel (2.0.0)

DEPENDENCIES:
  - ALSUniversalAccount-ThirdParty (from `../`)

EXTERNAL SOURCES:
  ALSUniversalAccount-ThirdParty:
    :path: "../"

SPEC CHECKSUMS:
  AEAssistant: 503d977b56613d3301fdb928f89158ca98b4908a
  AFNetworking: 0f9f92467cc2ad03ea9961c65bb75028ea4d49a9
  ALSUniversalAccount-ThirdParty: a1147b5bc5157f13fa36965e2dc05e2cdcc460cc
  GTMBase64: b788b4900fb2ecccafd8ae112e856b8512c124f3
  MBProgressHUD: fedcbb887a3d162dbffee8e1b92a800309ce67f0
  MJExtension: d9fbee1fb9025889dae7d7096e6ecb9d0ff36121
  RegexKitLite: 65b0cd1de46774d1f2f16db3f1846f61ede362b0
  SFHFKeychainUtils: ce5d93bad22bd5b0d7df6e8e4d73736bec9d3e32
  TTTAttributedLabel: 5d9e639864b09d8e4c85a3d2a819509d63346805

PODFILE CHECKSUM: 10b0e21d7a074dbfd24628ebd02804abb8085382

COCOAPODS: 1.1.1
