PODS:
  - ALSUniversalAccount-ThirdParty (0.0.2):
    - ALSUniversalAccount-ThirdParty/Interface (= 0.0.2)
    - ALSUniversalAccount-ThirdParty/Public (= 0.0.2)
  - ALSUniversalAccount-ThirdParty/Interface (0.0.2):
    - ALSUniversalAccount-ThirdParty/Interface/BaiChuan (= 0.0.2)
    - ALSUniversalAccount-ThirdParty/Public
    - MBProgressHUD (~> 0.9.0)
    - SFHFKeychainUtils (~> 0.0.1)
    - TTTAttributedLabel (~> 2.0.0)
    - UMengUShare/Social/QQ
    - UMengUShare/Social/Sina
  - ALSUniversalAccount-ThirdParty/Interface/BaiChuan (0.0.2):
    - ALSUniversalAccount-ThirdParty/Public
    - MBProgressHUD (~> 0.9.0)
    - SFHFKeychainUtils (~> 0.0.1)
    - TTTAttributedLabel (~> 2.0.0)
    - UMengUShare/Social/QQ
    - UMengUShare/Social/Sina
  - ALSUniversalAccount-ThirdParty/Public (0.0.2)
  - MBProgressHUD (0.9.2)
  - SFHFKeychainUtils (0.0.1)
  - TTTAttributedLabel (2.0.0)
  - UMengUShare/Core (6.4.8):
    - UMengUShare/Network
  - UMengUShare/Network (6.4.8)
  - UMengUShare/Social/QQ (6.4.8):
    - UMengUShare/Core
    - UMengUShare/Social/ReducedQQ
  - UMengUShare/Social/ReducedQQ (6.4.8):
    - UMengUShare/Core
  - UMengUShare/Social/ReducedSina (6.4.8):
    - UMengUShare/Core
  - UMengUShare/Social/Sina (6.4.8):
    - UMengUShare/Core
    - UMengUShare/Social/ReducedSina

DEPENDENCIES:
  - ALSUniversalAccount-ThirdParty (from `../`)

EXTERNAL SOURCES:
  ALSUniversalAccount-ThirdParty:
    :path: "../"

SPEC CHECKSUMS:
  ALSUniversalAccount-ThirdParty: d351ba2e056f9499ff1b670752fd91f479314f5c
  MBProgressHUD: 1569cf7ace17a8bac47aabfbb8580a49690386d1
  SFHFKeychainUtils: 9576b411a79a058f4d5381ace6f3242b9a62e664
  TTTAttributedLabel: 8cffe8e127e4e82ff3af1e5386d4cd0ad000b656
  UMengUShare: 7a0ab762ccd445ccfcf11bde8e7f81b29b9f5e1c

PODFILE CHECKSUM: f39064e6a1a1da06b8078fd66ef403f0c67a1dca

COCOAPODS: 1.2.1
